
Microsoft Visual Studio Solution File, Format Version 12.00
# Visual Studio Version 16
VisualStudioVersion = 16.0.30717.126
MinimumVisualStudioVersion = 10.0.40219.1
Project("{F184B08F-C81C-45F6-A57F-5ABD9991F28F}") = "AsignaciónNo.6", "AsignaciónNo.6.vbproj", "{36D08444-84A9-4754-AFE3-4A23345CC29F}"
EndProject
Global
	GlobalSection(SolutionConfigurationPlatforms) = preSolution
		Debug|Any CPU = Debug|Any CPU
		Release|Any CPU = Release|Any CPU
	EndGlobalSection
	GlobalSection(ProjectConfigurationPlatforms) = postSolution
		{36D08444-84A9-4754-AFE3-4A23345CC29F}.Debug|Any CPU.ActiveCfg = Debug|Any CPU
		{36D08444-84A9-4754-AFE3-4A23345CC29F}.Debug|Any CPU.Build.0 = Debug|Any CPU
		{36D08444-84A9-4754-AFE3-4A23345CC29F}.Release|Any CPU.ActiveCfg = Release|Any CPU
		{36D08444-84A9-4754-AFE3-4A23345CC29F}.Release|Any CPU.Build.0 = Release|Any CPU
	EndGlobalSection
	GlobalSection(SolutionProperties) = preSolution
		HideSolutionNode = FALSE
	EndGlobalSection
	GlobalSection(ExtensibilityGlobals) = postSolution
		SolutionGuid = {C7031B56-6373-4F08-8440-6664BFED5764}
	EndGlobalSection
EndGlobal
